
Microsoft Visual Studio Solution File, Format Version 12.00
# Visual Studio Version 17
VisualStudioVersion = 17.7.34024.191
MinimumVisualStudioVersion = 10.0.40219.1
Project("{FAE04EC0-301F-11D3-BF4B-00C04F79EFBC}") = "L4JGMH1115823", "L4JGMH1115823\L4JGMH1115823.csproj", "{35AE8A9E-8A7F-4EBD-B50F-96101F2721C6}"
EndProject
Global
	GlobalSection(SolutionConfigurationPlatforms) = preSolution
		Debug|Any CPU = Debug|Any CPU
		Release|Any CPU = Release|Any CPU
	EndGlobalSection
	GlobalSection(ProjectConfigurationPlatforms) = postSolution
		{35AE8A9E-8A7F-4EBD-B50F-96101F2721C6}.Debug|Any CPU.ActiveCfg = Debug|Any CPU
		{35AE8A9E-8A7F-4EBD-B50F-96101F2721C6}.Debug|Any CPU.Build.0 = Debug|Any CPU
		{35AE8A9E-8A7F-4EBD-B50F-96101F2721C6}.Release|Any CPU.ActiveCfg = Release|Any CPU
		{35AE8A9E-8A7F-4EBD-B50F-96101F2721C6}.Release|Any CPU.Build.0 = Release|Any CPU
	EndGlobalSection
	GlobalSection(SolutionProperties) = preSolution
		HideSolutionNode = FALSE
	EndGlobalSection
	GlobalSection(ExtensibilityGlobals) = postSolution
		SolutionGuid = {FE4E3AB2-2042-4868-92BF-6568D5E7D840}
	EndGlobalSection
EndGlobal
