
Microsoft Visual Studio Solution File, Format Version 12.00
# Visual Studio Version 17
VisualStudioVersion = 17.7.34024.191
MinimumVisualStudioVersion = 10.0.40219.1
Project("{FAE04EC0-301F-11D3-BF4B-00C04F79EFBC}") = "SEMANA_12_TAREA_1115823_JGMH", "SEMANA_12_TAREA_1115823_JGMH\SEMANA_12_TAREA_1115823_JGMH.csproj", "{A549391F-3C50-469E-AE34-02DA6468BB41}"
EndProject
Global
	GlobalSection(SolutionConfigurationPlatforms) = preSolution
		Debug|Any CPU = Debug|Any CPU
		Release|Any CPU = Release|Any CPU
	EndGlobalSection
	GlobalSection(ProjectConfigurationPlatforms) = postSolution
		{A549391F-3C50-469E-AE34-02DA6468BB41}.Debug|Any CPU.ActiveCfg = Debug|Any CPU
		{A549391F-3C50-469E-AE34-02DA6468BB41}.Debug|Any CPU.Build.0 = Debug|Any CPU
		{A549391F-3C50-469E-AE34-02DA6468BB41}.Release|Any CPU.ActiveCfg = Release|Any CPU
		{A549391F-3C50-469E-AE34-02DA6468BB41}.Release|Any CPU.Build.0 = Release|Any CPU
	EndGlobalSection
	GlobalSection(SolutionProperties) = preSolution
		HideSolutionNode = FALSE
	EndGlobalSection
	GlobalSection(ExtensibilityGlobals) = postSolution
		SolutionGuid = {4752FDAE-D0DD-43FA-BF25-E2098943DD59}
	EndGlobalSection
EndGlobal
